
Microsoft Visual Studio Solution File, Format Version 12.00
# Visual Studio Version 17
VisualStudioVersion = 17.8.34309.116
MinimumVisualStudioVersion = 10.0.40219.1
Project("{FAE04EC0-301F-11D3-BF4B-00C04F79EFBC}") = "Tetris_WindowsFormsApp", "Tetris_WindowsFormsApp.csproj", "{9FA79CAC-EB3E-4AB9-9FCF-C30CB2F4574D}"
EndProject
Global
	GlobalSection(SolutionConfigurationPlatforms) = preSolution
		Debug|Any CPU = Debug|Any CPU
		Release|Any CPU = Release|Any CPU
	EndGlobalSection
	GlobalSection(ProjectConfigurationPlatforms) = postSolution
		{9FA79CAC-EB3E-4AB9-9FCF-C30CB2F4574D}.Debug|Any CPU.ActiveCfg = Debug|Any CPU
		{9FA79CAC-EB3E-4AB9-9FCF-C30CB2F4574D}.Debug|Any CPU.Build.0 = Debug|Any CPU
		{9FA79CAC-EB3E-4AB9-9FCF-C30CB2F4574D}.Release|Any CPU.ActiveCfg = Release|Any CPU
		{9FA79CAC-EB3E-4AB9-9FCF-C30CB2F4574D}.Release|Any CPU.Build.0 = Release|Any CPU
	EndGlobalSection
	GlobalSection(SolutionProperties) = preSolution
		HideSolutionNode = FALSE
	EndGlobalSection
	GlobalSection(ExtensibilityGlobals) = postSolution
		SolutionGuid = {82CFC809-7955-4CC1-BF38-06282033F4CE}
	EndGlobalSection
EndGlobal
